
Microsoft Visual Studio Solution File, Format Version 12.00
# Visual Studio Version 17
VisualStudioVersion = 17.11.35327.3
MinimumVisualStudioVersion = 10.0.40219.1
Project("{9A19103F-16F7-4668-BE54-9A1E7A4F7556}") = "calculadora", "calculadora.csproj", "{9F85A1C7-B58D-46BB-8FA0-6447906F75E5}"
EndProject
Global
	GlobalSection(SolutionConfigurationPlatforms) = preSolution
		Debug|Any CPU = Debug|Any CPU
		Release|Any CPU = Release|Any CPU
	EndGlobalSection
	GlobalSection(ProjectConfigurationPlatforms) = postSolution
		{9F85A1C7-B58D-46BB-8FA0-6447906F75E5}.Debug|Any CPU.ActiveCfg = Debug|Any CPU
		{9F85A1C7-B58D-46BB-8FA0-6447906F75E5}.Debug|Any CPU.Build.0 = Debug|Any CPU
		{9F85A1C7-B58D-46BB-8FA0-6447906F75E5}.Release|Any CPU.ActiveCfg = Release|Any CPU
		{9F85A1C7-B58D-46BB-8FA0-6447906F75E5}.Release|Any CPU.Build.0 = Release|Any CPU
	EndGlobalSection
	GlobalSection(SolutionProperties) = preSolution
		HideSolutionNode = FALSE
	EndGlobalSection
	GlobalSection(ExtensibilityGlobals) = postSolution
		SolutionGuid = {DA1AAFDD-38FA-41CB-AC59-EA3E0D710715}
	EndGlobalSection
EndGlobal
